# This file is automatically @generated by Cargo.
# It is not intended for manual editing.
version = 4

[[package]]
name = "fermata"
version = "0.1.0"
dependencies = [
 "quick-xml",
]

[[package]]
name = "fermata-design"
version = "0.0.1"

[[package]]
name = "memchr"
version = "2.7.6"
source = "registry+https://github.com/rust-lang/crates.io-index"
checksum = "f52b00d39961fc5b2736ea853c9cc86238e165017a493d1d5c8eac6bdc4cc273"

[[package]]
name = "quick-xml"
version = "0.39.0"
source = "registry+https://github.com/rust-lang/crates.io-index"
checksum = "f2e3bf4aa9d243beeb01a7b3bc30b77cfe2c44e24ec02d751a7104a53c2c49a1"
dependencies = [
 "memchr",
]
